// !$*UTF8*$!
{
	archiveVersion = 1;
	classes = {
	};
	objectVersion = 50;
	objects = {

/* Begin PBXBuildFile section */
		3A3B26B721BCEC470087FF02 /* BST.swift in Sources */ = {isa = PBXBuildFile; fileRef = 3A3B26B621BCEC470087FF02 /* BST.swift */; };
		3A7856E321B6D1D600AE3F59 /* Deque.swift in Sources */ = {isa = PBXBuildFile; fileRef = 3A7856E221B6D1D600AE3F59 /* Deque.swift */; };
		F024203221B0FFB500384933 /* brandenburg_germany_nature_217279.jpg in Resources */ = {isa = PBXBuildFile; fileRef = F024202C21B0FFB500384933 /* brandenburg_germany_nature_217279.jpg */; };
		F024203321B0FFB500384933 /* canoe_water_nature_221611.jpg in Resources */ = {isa = PBXBuildFile; fileRef = F024202D21B0FFB500384933 /* canoe_water_nature_221611.jpg */; };
		F024203421B0FFB500384933 /* geranium_but_red_nature_217923.jpg in Resources */ = {isa = PBXBuildFile; fileRef = F024202E21B0FFB500384933 /* geranium_but_red_nature_217923.jpg */; };
		F024203521B0FFB500384933 /* goose_nature_water_bird_219670.jpg in Resources */ = {isa = PBXBuildFile; fileRef = F024202F21B0FFB500384933 /* goose_nature_water_bird_219670.jpg */; };
		F024203621B0FFB500384933 /* nature_flower_sky_218344.jpg in Resources */ = {isa = PBXBuildFile; fileRef = F024203021B0FFB500384933 /* nature_flower_sky_218344.jpg */; };
		F024203721B0FFB500384933 /* water_waterfall_nature_214751.jpg in Resources */ = {isa = PBXBuildFile; fileRef = F024203121B0FFB500384933 /* water_waterfall_nature_214751.jpg */; };
		F024203921B10F1400384933 /* ChunkedFileReader.swift in Sources */ = {isa = PBXBuildFile; fileRef = F024203821B10F1400384933 /* ChunkedFileReader.swift */; };
		F024203B21B1113600384933 /* Sample.txt in Resources */ = {isa = PBXBuildFile; fileRef = F024203A21B1113600384933 /* Sample.txt */; };
		F024203D21B12AF200384933 /* Collections.swift in Sources */ = {isa = PBXBuildFile; fileRef = F024203C21B12AF200384933 /* Collections.swift */; };
		F03A270121AD03F300141898 /* Strings.swift in Sources */ = {isa = PBXBuildFile; fileRef = F03A270021AD03F300141898 /* Strings.swift */; };
		F03A270321AD055700141898 /* Numbers.swift in Sources */ = {isa = PBXBuildFile; fileRef = F03A270221AD055700141898 /* Numbers.swift */; };
		F03A270621AD64C800141898 /* Files.swift in Sources */ = {isa = PBXBuildFile; fileRef = F03A270521AD64C800141898 /* Files.swift */; };
		F0B38B6521A411AF009D1A0C /* Extensions.swift in Sources */ = {isa = PBXBuildFile; fileRef = F0B38B6421A411AF009D1A0C /* Extensions.swift */; };
		F0C7B47F21B52EAD007C761F /* LinkedList.swift in Sources */ = {isa = PBXBuildFile; fileRef = F0C7B47E21B52EAD007C761F /* LinkedList.swift */; };
		F0E18EAB21A26CFE00016795 /* AppDelegate.swift in Sources */ = {isa = PBXBuildFile; fileRef = F0E18EAA21A26CFE00016795 /* AppDelegate.swift */; };
		F0E18EAD21A26CFE00016795 /* ViewController.swift in Sources */ = {isa = PBXBuildFile; fileRef = F0E18EAC21A26CFE00016795 /* ViewController.swift */; };
		F0E18EAF21A26CFF00016795 /* Assets.xcassets in Resources */ = {isa = PBXBuildFile; fileRef = F0E18EAE21A26CFF00016795 /* Assets.xcassets */; };
		F0E18EB221A26CFF00016795 /* Main.storyboard in Resources */ = {isa = PBXBuildFile; fileRef = F0E18EB021A26CFF00016795 /* Main.storyboard */; };
		F0E8E86E21C11B9800007045 /* Algorithms.swift in Sources */ = {isa = PBXBuildFile; fileRef = F0E8E86D21C11B9800007045 /* Algorithms.swift */; };
/* End PBXBuildFile section */

/* Begin PBXFileReference section */
		3A3B26B621BCEC470087FF02 /* BST.swift */ = {isa = PBXFileReference; lastKnownFileType = sourcecode.swift; path = BST.swift; sourceTree = "<group>"; };
		3A7856E221B6D1D600AE3F59 /* Deque.swift */ = {isa = PBXFileReference; lastKnownFileType = sourcecode.swift; path = Deque.swift; sourceTree = "<group>"; };
		F024202C21B0FFB500384933 /* brandenburg_germany_nature_217279.jpg */ = {isa = PBXFileReference; lastKnownFileType = image.jpeg; path = brandenburg_germany_nature_217279.jpg; sourceTree = "<group>"; };
		F024202D21B0FFB500384933 /* canoe_water_nature_221611.jpg */ = {isa = PBXFileReference; lastKnownFileType = image.jpeg; path = canoe_water_nature_221611.jpg; sourceTree = "<group>"; };
		F024202E21B0FFB500384933 /* geranium_but_red_nature_217923.jpg */ = {isa = PBXFileReference; lastKnownFileType = image.jpeg; path = geranium_but_red_nature_217923.jpg; sourceTree = "<group>"; };
		F024202F21B0FFB500384933 /* goose_nature_water_bird_219670.jpg */ = {isa = PBXFileReference; lastKnownFileType = image.jpeg; path = goose_nature_water_bird_219670.jpg; sourceTree = "<group>"; };
		F024203021B0FFB500384933 /* nature_flower_sky_218344.jpg */ = {isa = PBXFileReference; lastKnownFileType = image.jpeg; path = nature_flower_sky_218344.jpg; sourceTree = "<group>"; };
		F024203121B0FFB500384933 /* water_waterfall_nature_214751.jpg */ = {isa = PBXFileReference; lastKnownFileType = image.jpeg; path = water_waterfall_nature_214751.jpg; sourceTree = "<group>"; };
		F024203821B10F1400384933 /* ChunkedFileReader.swift */ = {isa = PBXFileReference; lastKnownFileType = sourcecode.swift; path = ChunkedFileReader.swift; sourceTree = "<group>"; };
		F024203A21B1113600384933 /* Sample.txt */ = {isa = PBXFileReference; lastKnownFileType = text; path = Sample.txt; sourceTree = "<group>"; };
		F024203C21B12AF200384933 /* Collections.swift */ = {isa = PBXFileReference; lastKnownFileType = sourcecode.swift; path = Collections.swift; sourceTree = "<group>"; };
		F03A270021AD03F300141898 /* Strings.swift */ = {isa = PBXFileReference; lastKnownFileType = sourcecode.swift; path = Strings.swift; sourceTree = "<group>"; };
		F03A270221AD055700141898 /* Numbers.swift */ = {isa = PBXFileReference; lastKnownFileType = sourcecode.swift; path = Numbers.swift; sourceTree = "<group>"; };
		F03A270521AD64C800141898 /* Files.swift */ = {isa = PBXFileReference; lastKnownFileType = sourcecode.swift; path = Files.swift; sourceTree = "<group>"; };
		F0B38B6421A411AF009D1A0C /* Extensions.swift */ = {isa = PBXFileReference; lastKnownFileType = sourcecode.swift; path = Extensions.swift; sourceTree = "<group>"; };
		F0C7B47E21B52EAD007C761F /* LinkedList.swift */ = {isa = PBXFileReference; lastKnownFileType = sourcecode.swift; path = LinkedList.swift; sourceTree = "<group>"; };
		F0E18EA721A26CFE00016795 /* Coding Challange.app */ = {isa = PBXFileReference; explicitFileType = wrapper.application; includeInIndex = 0; path = "Coding Challange.app"; sourceTree = BUILT_PRODUCTS_DIR; };
		F0E18EAA21A26CFE00016795 /* AppDelegate.swift */ = {isa = PBXFileReference; lastKnownFileType = sourcecode.swift; path = AppDelegate.swift; sourceTree = "<group>"; };
		F0E18EAC21A26CFE00016795 /* ViewController.swift */ = {isa = PBXFileReference; lastKnownFileType = sourcecode.swift; path = ViewController.swift; sourceTree = "<group>"; };
		F0E18EAE21A26CFF00016795 /* Assets.xcassets */ = {isa = PBXFileReference; lastKnownFileType = folder.assetcatalog; path = Assets.xcassets; sourceTree = "<group>"; };
		F0E18EB121A26CFF00016795 /* Base */ = {isa = PBXFileReference; lastKnownFileType = file.storyboard; name = Base; path = Base.lproj/Main.storyboard; sourceTree = "<group>"; };
		F0E18EB321A26CFF00016795 /* Info.plist */ = {isa = PBXFileReference; lastKnownFileType = text.plist.xml; path = Info.plist; sourceTree = "<group>"; };
		F0E18EB421A26CFF00016795 /* Coding_Challange.entitlements */ = {isa = PBXFileReference; lastKnownFileType = text.plist.entitlements; path = Coding_Challange.entitlements; sourceTree = "<group>"; };
		F0E8E86D21C11B9800007045 /* Algorithms.swift */ = {isa = PBXFileReference; lastKnownFileType = sourcecode.swift; path = Algorithms.swift; sourceTree = "<group>"; };
/* End PBXFileReference section */

/* Begin PBXFrameworksBuildPhase section */
		F0E18EA421A26CFE00016795 /* Frameworks */ = {
			isa = PBXFrameworksBuildPhase;
			buildActionMask = 2147483647;
			files = (
			);
			runOnlyForDeploymentPostprocessing = 0;
		};
/* End PBXFrameworksBuildPhase section */

/* Begin PBXGroup section */
		3A7856E421B6D1E100AE3F59 /* Data Structure */ = {
			isa = PBXGroup;
			children = (
				F0C7B47E21B52EAD007C761F /* LinkedList.swift */,
				3A7856E221B6D1D600AE3F59 /* Deque.swift */,
				3A3B26B621BCEC470087FF02 /* BST.swift */,
			);
			path = "Data Structure";
			sourceTree = "<group>";
		};
		3AFDACCC21B03C5F00C2490C /* Resources */ = {
			isa = PBXGroup;
			children = (
				F024202B21B0FFB500384933 /* Image */,
				F02D383321AFAA88009B2C20 /* TextFiles */,
			);
			path = Resources;
			sourceTree = "<group>";
		};
		F024202B21B0FFB500384933 /* Image */ = {
			isa = PBXGroup;
			children = (
				F024202C21B0FFB500384933 /* brandenburg_germany_nature_217279.jpg */,
				F024202D21B0FFB500384933 /* canoe_water_nature_221611.jpg */,
				F024202E21B0FFB500384933 /* geranium_but_red_nature_217923.jpg */,
				F024202F21B0FFB500384933 /* goose_nature_water_bird_219670.jpg */,
				F024203021B0FFB500384933 /* nature_flower_sky_218344.jpg */,
				F024203121B0FFB500384933 /* water_waterfall_nature_214751.jpg */,
			);
			path = Image;
			sourceTree = "<group>";
		};
		F02D383321AFAA88009B2C20 /* TextFiles */ = {
			isa = PBXGroup;
			children = (
				F024203A21B1113600384933 /* Sample.txt */,
			);
			path = TextFiles;
			sourceTree = "<group>";
		};
		F02D383721AFFCEC009B2C20 /* Chapters */ = {
			isa = PBXGroup;
			children = (
				F03A270021AD03F300141898 /* Strings.swift */,
				F03A270221AD055700141898 /* Numbers.swift */,
				F03A270521AD64C800141898 /* Files.swift */,
				F024203C21B12AF200384933 /* Collections.swift */,
				F0E8E86D21C11B9800007045 /* Algorithms.swift */,
			);
			path = Chapters;
			sourceTree = "<group>";
		};
		F03A270421AD057600141898 /* Utilities */ = {
			isa = PBXGroup;
			children = (
				F0B38B6421A411AF009D1A0C /* Extensions.swift */,
				F024203821B10F1400384933 /* ChunkedFileReader.swift */,
				3A7856E421B6D1E100AE3F59 /* Data Structure */,
			);
			path = Utilities;
			sourceTree = "<group>";
		};
		F0E18E9E21A26CFE00016795 = {
			isa = PBXGroup;
			children = (
				F0E18EA921A26CFE00016795 /* Coding Challange */,
				F0E18EA821A26CFE00016795 /* Products */,
			);
			sourceTree = "<group>";
		};
		F0E18EA821A26CFE00016795 /* Products */ = {
			isa = PBXGroup;
			children = (
				F0E18EA721A26CFE00016795 /* Coding Challange.app */,
			);
			name = Products;
			sourceTree = "<group>";
		};
		F0E18EA921A26CFE00016795 /* Coding Challange */ = {
			isa = PBXGroup;
			children = (
				F0E18EAA21A26CFE00016795 /* AppDelegate.swift */,
				F0E18EAC21A26CFE00016795 /* ViewController.swift */,
				F02D383721AFFCEC009B2C20 /* Chapters */,
				3AFDACCC21B03C5F00C2490C /* Resources */,
				F03A270421AD057600141898 /* Utilities */,
				F0E18EAE21A26CFF00016795 /* Assets.xcassets */,
				F0E18EB021A26CFF00016795 /* Main.storyboard */,
				F0E18EB321A26CFF00016795 /* Info.plist */,
				F0E18EB421A26CFF00016795 /* Coding_Challange.entitlements */,
			);
			path = "Coding Challange";
			sourceTree = "<group>";
		};
/* End PBXGroup section */

/* Begin PBXNativeTarget section */
		F0E18EA621A26CFE00016795 /* Coding Challange */ = {
			isa = PBXNativeTarget;
			buildConfigurationList = F0E18EB721A26CFF00016795 /* Build configuration list for PBXNativeTarget "Coding Challange" */;
			buildPhases = (
				F0E18EA321A26CFE00016795 /* Sources */,
				F0E18EA421A26CFE00016795 /* Frameworks */,
				F0E18EA521A26CFE00016795 /* Resources */,
			);
			buildRules = (
			);
			dependencies = (
			);
			name = "Coding Challange";
			productName = "Coding Challange";
			productReference = F0E18EA721A26CFE00016795 /* Coding Challange.app */;
			productType = "com.apple.product-type.application";
		};
/* End PBXNativeTarget section */

/* Begin PBXProject section */
		F0E18E9F21A26CFE00016795 /* Project object */ = {
			isa = PBXProject;
			attributes = {
				LastSwiftUpdateCheck = 1000;
				LastUpgradeCheck = 1000;
				ORGANIZATIONNAME = "Exilant Technologies";
				TargetAttributes = {
					F0E18EA621A26CFE00016795 = {
						CreatedOnToolsVersion = 10.0;
					};
				};
			};
			buildConfigurationList = F0E18EA221A26CFE00016795 /* Build configuration list for PBXProject "Coding Challange" */;
			compatibilityVersion = "Xcode 9.3";
			developmentRegion = en;
			hasScannedForEncodings = 0;
			knownRegions = (
				en,
				Base,
			);
			mainGroup = F0E18E9E21A26CFE00016795;
			productRefGroup = F0E18EA821A26CFE00016795 /* Products */;
			projectDirPath = "";
			projectRoot = "";
			targets = (
				F0E18EA621A26CFE00016795 /* Coding Challange */,
			);
		};
/* End PBXProject section */

/* Begin PBXResourcesBuildPhase section */
		F0E18EA521A26CFE00016795 /* Resources */ = {
			isa = PBXResourcesBuildPhase;
			buildActionMask = 2147483647;
			files = (
				F0E18EAF21A26CFF00016795 /* Assets.xcassets in Resources */,
				F024203221B0FFB500384933 /* brandenburg_germany_nature_217279.jpg in Resources */,
				F024203321B0FFB500384933 /* canoe_water_nature_221611.jpg in Resources */,
				F024203621B0FFB500384933 /* nature_flower_sky_218344.jpg in Resources */,
				F0E18EB221A26CFF00016795 /* Main.storyboard in Resources */,
				F024203521B0FFB500384933 /* goose_nature_water_bird_219670.jpg in Resources */,
				F024203721B0FFB500384933 /* water_waterfall_nature_214751.jpg in Resources */,
				F024203421B0FFB500384933 /* geranium_but_red_nature_217923.jpg in Resources */,
				F024203B21B1113600384933 /* Sample.txt in Resources */,
			);
			runOnlyForDeploymentPostprocessing = 0;
		};
/* End PBXResourcesBuildPhase section */

/* Begin PBXSourcesBuildPhase section */
		F0E18EA321A26CFE00016795 /* Sources */ = {
			isa = PBXSourcesBuildPhase;
			buildActionMask = 2147483647;
			files = (
				F0C7B47F21B52EAD007C761F /* LinkedList.swift in Sources */,
				F0E18EAD21A26CFE00016795 /* ViewController.swift in Sources */,
				F0B38B6521A411AF009D1A0C /* Extensions.swift in Sources */,
				F03A270321AD055700141898 /* Numbers.swift in Sources */,
				F024203D21B12AF200384933 /* Collections.swift in Sources */,
				F0E8E86E21C11B9800007045 /* Algorithms.swift in Sources */,
				F024203921B10F1400384933 /* ChunkedFileReader.swift in Sources */,
				F03A270121AD03F300141898 /* Strings.swift in Sources */,
				F0E18EAB21A26CFE00016795 /* AppDelegate.swift in Sources */,
				3A7856E321B6D1D600AE3F59 /* Deque.swift in Sources */,
				3A3B26B721BCEC470087FF02 /* BST.swift in Sources */,
				F03A270621AD64C800141898 /* Files.swift in Sources */,
			);
			runOnlyForDeploymentPostprocessing = 0;
		};
/* End PBXSourcesBuildPhase section */

/* Begin PBXVariantGroup section */
		F0E18EB021A26CFF00016795 /* Main.storyboard */ = {
			isa = PBXVariantGroup;
			children = (
				F0E18EB121A26CFF00016795 /* Base */,
			);
			name = Main.storyboard;
			sourceTree = "<group>";
		};
/* End PBXVariantGroup section */

/* Begin XCBuildConfiguration section */
		F0E18EB521A26CFF00016795 /* Debug */ = {
			isa = XCBuildConfiguration;
			buildSettings = {
				ALWAYS_SEARCH_USER_PATHS = NO;
				CLANG_ANALYZER_NONNULL = YES;
				CLANG_ANALYZER_NUMBER_OBJECT_CONVERSION = YES_AGGRESSIVE;
				CLANG_CXX_LANGUAGE_STANDARD = "gnu++14";
				CLANG_CXX_LIBRARY = "libc++";
				CLANG_ENABLE_MODULES = YES;
				CLANG_ENABLE_OBJC_ARC = YES;
				CLANG_ENABLE_OBJC_WEAK = YES;
				CLANG_WARN_BLOCK_CAPTURE_AUTORELEASING = YES;
				CLANG_WARN_BOOL_CONVERSION = YES;
				CLANG_WARN_COMMA = YES;
				CLANG_WARN_CONSTANT_CONVERSION = YES;
				CLANG_WARN_DEPRECATED_OBJC_IMPLEMENTATIONS = YES;
				CLANG_WARN_DIRECT_OBJC_ISA_USAGE = YES_ERROR;
				CLANG_WARN_DOCUMENTATION_COMMENTS = YES;
				CLANG_WARN_EMPTY_BODY = YES;
				CLANG_WARN_ENUM_CONVERSION = YES;
				CLANG_WARN_INFINITE_RECURSION = YES;
				CLANG_WARN_INT_CONVERSION = YES;
				CLANG_WARN_NON_LITERAL_NULL_CONVERSION = YES;
				CLANG_WARN_OBJC_IMPLICIT_RETAIN_SELF = YES;
				CLANG_WARN_OBJC_LITERAL_CONVERSION = YES;
				CLANG_WARN_OBJC_ROOT_CLASS = YES_ERROR;
				CLANG_WARN_RANGE_LOOP_ANALYSIS = YES;
				CLANG_WARN_STRICT_PROTOTYPES = YES;
				CLANG_WARN_SUSPICIOUS_MOVE = YES;
				CLANG_WARN_UNGUARDED_AVAILABILITY = YES_AGGRESSIVE;
				CLANG_WARN_UNREACHABLE_CODE = YES;
				CLANG_WARN__DUPLICATE_METHOD_MATCH = YES;
				CODE_SIGN_IDENTITY = "-";
				COPY_PHASE_STRIP = NO;
				DEBUG_INFORMATION_FORMAT = dwarf;
				ENABLE_STRICT_OBJC_MSGSEND = YES;
				ENABLE_TESTABILITY = YES;
				GCC_C_LANGUAGE_STANDARD = gnu11;
				GCC_DYNAMIC_NO_PIC = NO;
				GCC_NO_COMMON_BLOCKS = YES;
				GCC_OPTIMIZATION_LEVEL = 0;
				GCC_PREPROCESSOR_DEFINITIONS = (
					"DEBUG=1",
					"$(inherited)",
				);
				GCC_WARN_64_TO_32_BIT_CONVERSION = YES;
				GCC_WARN_ABOUT_RETURN_TYPE = YES_ERROR;
				GCC_WARN_UNDECLARED_SELECTOR = YES;
				GCC_WARN_UNINITIALIZED_AUTOS = YES_AGGRESSIVE;
				GCC_WARN_UNUSED_FUNCTION = YES;
				GCC_WARN_UNUSED_VARIABLE = YES;
				MACOSX_DEPLOYMENT_TARGET = 10.13;
				MTL_ENABLE_DEBUG_INFO = INCLUDE_SOURCE;
				MTL_FAST_MATH = YES;
				ONLY_ACTIVE_ARCH = YES;
				SDKROOT = macosx;
				SWIFT_ACTIVE_COMPILATION_CONDITIONS = DEBUG;
				SWIFT_OPTIMIZATION_LEVEL = "-Onone";
			};
			name = Debug;
		};
		F0E18EB621A26CFF00016795 /* Release */ = {
			isa = XCBuildConfiguration;
			buildSettings = {
				ALWAYS_SEARCH_USER_PATHS = NO;
				CLANG_ANALYZER_NONNULL = YES;
				CLANG_ANALYZER_NUMBER_OBJECT_CONVERSION = YES_AGGRESSIVE;
				CLANG_CXX_LANGUAGE_STANDARD = "gnu++14";
				CLANG_CXX_LIBRARY = "libc++";
				CLANG_ENABLE_MODULES = YES;
				CLANG_ENABLE_OBJC_ARC = YES;
				CLANG_ENABLE_OBJC_WEAK = YES;
				CLANG_WARN_BLOCK_CAPTURE_AUTORELEASING = YES;
				CLANG_WARN_BOOL_CONVERSION = YES;
				CLANG_WARN_COMMA = YES;
				CLANG_WARN_CONSTANT_CONVERSION = YES;
				CLANG_WARN_DEPRECATED_OBJC_IMPLEMENTATIONS = YES;
				CLANG_WARN_DIRECT_OBJC_ISA_USAGE = YES_ERROR;
				CLANG_WARN_DOCUMENTATION_COMMENTS = YES;
				CLANG_WARN_EMPTY_BODY = YES;
				CLANG_WARN_ENUM_CONVERSION = YES;
				CLANG_WARN_INFINITE_RECURSION = YES;
				CLANG_WARN_INT_CONVERSION = YES;
				CLANG_WARN_NON_LITERAL_NULL_CONVERSION = YES;
				CLANG_WARN_OBJC_IMPLICIT_RETAIN_SELF = YES;
				CLANG_WARN_OBJC_LITERAL_CONVERSION = YES;
				CLANG_WARN_OBJC_ROOT_CLASS = YES_ERROR;
				CLANG_WARN_RANGE_LOOP_ANALYSIS = YES;
				CLANG_WARN_STRICT_PROTOTYPES = YES;
				CLANG_WARN_SUSPICIOUS_MOVE = YES;
				CLANG_WARN_UNGUARDED_AVAILABILITY = YES_AGGRESSIVE;
				CLANG_WARN_UNREACHABLE_CODE = YES;
				CLANG_WARN__DUPLICATE_METHOD_MATCH = YES;
				CODE_SIGN_IDENTITY = "-";
				COPY_PHASE_STRIP = NO;
				DEBUG_INFORMATION_FORMAT = "dwarf-with-dsym";
				ENABLE_NS_ASSERTIONS = NO;
				ENABLE_STRICT_OBJC_MSGSEND = YES;
				GCC_C_LANGUAGE_STANDARD = gnu11;
				GCC_NO_COMMON_BLOCKS = YES;
				GCC_WARN_64_TO_32_BIT_CONVERSION = YES;
				GCC_WARN_ABOUT_RETURN_TYPE = YES_ERROR;
				GCC_WARN_UNDECLARED_SELECTOR = YES;
				GCC_WARN_UNINITIALIZED_AUTOS = YES_AGGRESSIVE;
				GCC_WARN_UNUSED_FUNCTION = YES;
				GCC_WARN_UNUSED_VARIABLE = YES;
				MACOSX_DEPLOYMENT_TARGET = 10.13;
				MTL_ENABLE_DEBUG_INFO = NO;
				MTL_FAST_MATH = YES;
				SDKROOT = macosx;
				SWIFT_COMPILATION_MODE = wholemodule;
				SWIFT_OPTIMIZATION_LEVEL = "-O";
			};
			name = Release;
		};
		F0E18EB821A26CFF00016795 /* Debug */ = {
			isa = XCBuildConfiguration;
			buildSettings = {
				ASSETCATALOG_COMPILER_APPICON_NAME = AppIcon;
				CODE_SIGN_STYLE = Automatic;
				COMBINE_HIDPI_IMAGES = YES;
				INFOPLIST_FILE = "Coding Challange/Info.plist";
				LD_RUNPATH_SEARCH_PATHS = (
					"$(inherited)",
					"@executable_path/../Frameworks",
				);
				PRODUCT_BUNDLE_IDENTIFIER = "com.apple.Coding-Challange";
				PRODUCT_NAME = "$(TARGET_NAME)";
				SWIFT_VERSION = 4.2;
			};
			name = Debug;
		};
		F0E18EB921A26CFF00016795 /* Release */ = {
			isa = XCBuildConfiguration;
			buildSettings = {
				ASSETCATALOG_COMPILER_APPICON_NAME = AppIcon;
				CODE_SIGN_STYLE = Automatic;
				COMBINE_HIDPI_IMAGES = YES;
				INFOPLIST_FILE = "Coding Challange/Info.plist";
				LD_RUNPATH_SEARCH_PATHS = (
					"$(inherited)",
					"@executable_path/../Frameworks",
				);
				PRODUCT_BUNDLE_IDENTIFIER = "com.apple.Coding-Challange";
				PRODUCT_NAME = "$(TARGET_NAME)";
				SWIFT_VERSION = 4.2;
			};
			name = Release;
		};
/* End XCBuildConfiguration section */

/* Begin XCConfigurationList section */
		F0E18EA221A26CFE00016795 /* Build configuration list for PBXProject "Coding Challange" */ = {
			isa = XCConfigurationList;
			buildConfigurations = (
				F0E18EB521A26CFF00016795 /* Debug */,
				F0E18EB621A26CFF00016795 /* Release */,
			);
			defaultConfigurationIsVisible = 0;
			defaultConfigurationName = Release;
		};
		F0E18EB721A26CFF00016795 /* Build configuration list for PBXNativeTarget "Coding Challange" */ = {
			isa = XCConfigurationList;
			buildConfigurations = (
				F0E18EB821A26CFF00016795 /* Debug */,
				F0E18EB921A26CFF00016795 /* Release */,
			);
			defaultConfigurationIsVisible = 0;
			defaultConfigurationName = Release;
		};
/* End XCConfigurationList section */
	};
	rootObject = F0E18E9F21A26CFE00016795 /* Project object */;
}
